
Microsoft Visual Studio Solution File, Format Version 12.00
# Visual Studio Version 16
VisualStudioVersion = 16.0.810.22
MinimumVisualStudioVersion = 10.0.40219.1
Project("{FAE04EC0-301F-11D3-BF4B-00C04F79EFBC}") = "EvidenciaU2", "EvidenciaU2\EvidenciaU2.csproj", "{1E36AB6B-9B98-49A6-A4DC-1883BE91FC2B}"
EndProject
Global
	GlobalSection(SolutionConfigurationPlatforms) = preSolution
		Debug|Any CPU = Debug|Any CPU
		Release|Any CPU = Release|Any CPU
	EndGlobalSection
	GlobalSection(ProjectConfigurationPlatforms) = postSolution
		{1E36AB6B-9B98-49A6-A4DC-1883BE91FC2B}.Debug|Any CPU.ActiveCfg = Debug|Any CPU
		{1E36AB6B-9B98-49A6-A4DC-1883BE91FC2B}.Debug|Any CPU.Build.0 = Debug|Any CPU
		{1E36AB6B-9B98-49A6-A4DC-1883BE91FC2B}.Release|Any CPU.ActiveCfg = Release|Any CPU
		{1E36AB6B-9B98-49A6-A4DC-1883BE91FC2B}.Release|Any CPU.Build.0 = Release|Any CPU
	EndGlobalSection
	GlobalSection(SolutionProperties) = preSolution
		HideSolutionNode = FALSE
	EndGlobalSection
	GlobalSection(ExtensibilityGlobals) = postSolution
		SolutionGuid = {57A3AEB7-9514-43E8-BE11-F8C90BFA6A75}
	EndGlobalSection
EndGlobal
